{
  "name": "sunrise-sunset-tel",
  "version": "1.0.0",
  "lockfileVersion": 3,
  "requires": true,
  "packages": {
    "": {
      "name": "sunrise-sunset-tel",
      "version": "1.0.0",
      "license": "ISC",
      "dependencies": {
        "axios": "^1.4.0",
        "dotenv": "^16.3.1",
        "sun-time": "^1.0.2"
      }
    },
    "node_modules/asynckit": {
      "version": "0.4.0",
      "resolved": "https://registry.npmjs.org/asynckit/-/asynckit-0.4.0.tgz",
      "integrity": "sha512-Oei9OH4tRh0YqU3GxhX79dM/mwVgvbZJaSNaRk+bshkj0S5cfHcgYakreBjrHwatXKbz+IoIdYLxrKim2MjW0Q=="
    },
    "node_modules/axios": {
      "version": "1.4.0",
      "resolved": "https://registry.npmjs.org/axios/-/axios-1.4.0.tgz",
      "integrity": "sha512-S4XCWMEmzvo64T9GfvQDOXgYRDJ/wsSZc7Jvdgx5u1sd0JwsuPLqb3SYmusag+edF6ziyMensPVqLTSc1PiSEA==",
      "dependencies": {
        "follow-redirects": "^1.15.0",
        "form-data": "^4.0.0",
        "proxy-from-env": "^1.1.0"
      }
    },
    "node_modules/combined-stream": {
      "version": "1.0.8",
      "resolved": "https://registry.npmjs.org/combined-stream/-/combined-stream-1.0.8.tgz",
      "integrity": "sha512-FQN4MRfuJeHf7cBbBMJFXhKSDq+2kAArBlmRBvcvFE5BB1HZKXtSFASDhdlz9zOYwxh8lDdnvmMOe/+5cdoEdg==",
      "dependencies": {
        "delayed-stream": "~1.0.0"
      },
      "engines": {
        "node": ">= 0.8"
      }
    },
    "node_modules/delayed-stream": {
      "version": "1.0.0",
      "resolved": "https://registry.npmjs.org/delayed-stream/-/delayed-stream-1.0.0.tgz",
      "integrity": "sha512-ZySD7Nf91aLB0RxL4KGrKHBXl7Eds1DAmEdcoVawXnLD7SDhpNgtuII2aAkg7a7QS41jxPSZ17p4VdGnMHk3MQ==",
      "engines": {
        "node": ">=0.4.0"
      }
    },
    "node_modules/dotenv": {
      "version": "16.3.1",
      "resolved": "https://registry.npmjs.org/dotenv/-/dotenv-16.3.1.tgz",
      "integrity": "sha512-IPzF4w4/Rd94bA9imS68tZBaYyBWSCE47V1RGuMrB94iyTOIEwRmVL2x/4An+6mETpLrKJ5hQkB8W4kFAadeIQ==",
      "engines": {
        "node": ">=12"
      },
      "funding": {
        "url": "https://github.com/motdotla/dotenv?sponsor=1"
      }
    },
    "node_modules/follow-redirects": {
      "version": "1.15.2",
      "resolved": "https://registry.npmjs.org/follow-redirects/-/follow-redirects-1.15.2.tgz",
      "integrity": "sha512-VQLG33o04KaQ8uYi2tVNbdrWp1QWxNNea+nmIB4EVM28v0hmP17z7aG1+wAkNzVq4KeXTq3221ye5qTJP91JwA==",
      "funding": [
        {
          "type": "individual",
          "url": "https://github.com/sponsors/RubenVerborgh"
        }
      ],
      "engines": {
        "node": ">=4.0"
      },
      "peerDependenciesMeta": {
        "debug": {
          "optional": true
        }
      }
    },
    "node_modules/form-data": {
      "version": "4.0.0",
      "resolved": "https://registry.npmjs.org/form-data/-/form-data-4.0.0.tgz",
      "integrity": "sha512-ETEklSGi5t0QMZuiXoA/Q6vcnxcLQP5vdugSpuAyi6SVGi2clPPp+xgEhuMaHC+zGgn31Kd235W35f7Hykkaww==",
      "dependencies": {
        "asynckit": "^0.4.0",
        "combined-stream": "^1.0.8",
        "mime-types": "^2.1.12"
      },
      "engines": {
        "node": ">= 6"
      }
    },
    "node_modules/jfile": {
      "version": "1.1.12",
      "resolved": "https://registry.npmjs.org/jfile/-/jfile-1.1.12.tgz",
      "integrity": "sha512-oVVIs/yxGNJFJp8O7mpc25VmDLVtyFUUmiQzmCwip7SV2TSyqgHVc09RX4zJBe4BUXWyRFH6JPJFsgrtN2lidg=="
    },
    "node_modules/mime-db": {
      "version": "1.52.0",
      "resolved": "https://registry.npmjs.org/mime-db/-/mime-db-1.52.0.tgz",
      "integrity": "sha512-sPU4uV7dYlvtWJxwwxHD0PuihVNiE7TyAbQ5SWxDCB9mUYvOgroQOwYQQOKPJ8CIbE+1ETVlOoK1UC2nU3gYvg==",
      "engines": {
        "node": ">= 0.6"
      }
    },
    "node_modules/mime-types": {
      "version": "2.1.35",
      "resolved": "https://registry.npmjs.org/mime-types/-/mime-types-2.1.35.tgz",
      "integrity": "sha512-ZDY+bPm5zTTF+YpCrAU9nK0UgICYPT0QtT1NZWFv4s++TNkcgVaT0g6+4R2uI4MjQjzysHB1zxuWL50hzaeXiw==",
      "dependencies": {
        "mime-db": "1.52.0"
      },
      "engines": {
        "node": ">= 0.6"
      }
    },
    "node_modules/node-etl": {
      "version": "1.0.3",
      "resolved": "https://registry.npmjs.org/node-etl/-/node-etl-1.0.3.tgz",
      "integrity": "sha512-HCzELe/mdW0zACZ6LovNSnxDoZNiMNHozYsw8deFCDb08qYpd8tZoo5J9dXYwbeHZRR1Zquew9KcCsJy/96Bmg==",
      "dependencies": {
        "jfile": "^1.1.11",
        "x-class": "^1.0.11"
      }
    },
    "node_modules/proxy-from-env": {
      "version": "1.1.0",
      "resolved": "https://registry.npmjs.org/proxy-from-env/-/proxy-from-env-1.1.0.tgz",
      "integrity": "sha512-D+zkORCbA9f1tdWRK0RaCR3GPv50cMxcrz4X8k5LTSUD1Dkw47mKJEZQNunItRTkWwgtaUSo1RVFRIG9ZXiFYg=="
    },
    "node_modules/sun-time": {
      "version": "1.0.2",
      "resolved": "https://registry.npmjs.org/sun-time/-/sun-time-1.0.2.tgz",
      "integrity": "sha512-wtcUIEm4Y1gekMmvjazyZvhrtO1PL9t0/UEdOka9REYJEQcnrfgV44i2IgTaW0vetXVydCpKd3PPF+16CPYy2w==",
      "dependencies": {
        "jfile": "^1.1.11",
        "node-etl": "^1.0.1",
        "x-class": "^1.0.7"
      }
    },
    "node_modules/x-array": {
      "version": "1.0.15",
      "resolved": "https://registry.npmjs.org/x-array/-/x-array-1.0.15.tgz",
      "integrity": "sha512-tG0RANXzbGBJ/WGQO909nV/gjoHyRL+OBjw5yGbjFJbPaKDv2E8HmawiidnQEQec1b01v+9OHr/fZr6vfMfK0w=="
    },
    "node_modules/x-class": {
      "version": "1.0.21",
      "resolved": "https://registry.npmjs.org/x-class/-/x-class-1.0.21.tgz",
      "integrity": "sha512-tKbMKUaEQh7FgBMByN0wcNum9h0u5p0AKzePR/4fg61xjxujZaJTbrjWmMr/EnAdyuY4QfasvlFq5XS8xldqwQ==",
      "dependencies": {
        "x-array": "^1.0.15",
        "x-date": "^1.0.2",
        "x-function": "^1.0.3",
        "x-number": "^1.0.1",
        "x-object": "^1.0.2",
        "x-string": "^1.0.7"
      }
    },
    "node_modules/x-date": {
      "version": "1.0.2",
      "resolved": "https://registry.npmjs.org/x-date/-/x-date-1.0.2.tgz",
      "integrity": "sha512-UZGhc43gj4Lnhsaa/09cQOHR9EbsVPry3hZkcENnitkDzi3Pnk7gTMv7CP0hleB12aQNrsXPXmouIjg/yYeWkw=="
    },
    "node_modules/x-function": {
      "version": "1.0.3",
      "resolved": "https://registry.npmjs.org/x-function/-/x-function-1.0.3.tgz",
      "integrity": "sha512-xoRN+p72EofbabiW5JnB7Yg6sL12rmptSSL+r68VshuuYFwLfFKl8AuVK1K+rsxKtAHGx3iIJ8RZjMZdLv0Y5Q=="
    },
    "node_modules/x-number": {
      "version": "1.0.1",
      "resolved": "https://registry.npmjs.org/x-number/-/x-number-1.0.1.tgz",
      "integrity": "sha512-Yj4Gw8jaxCkUPRo9mg978SPu+7nZSTUUadZ/7JMQORN+mocsIBSswJlKuCgBEXdDXfqsBF2Di1n+lrJMk70sxw=="
    },
    "node_modules/x-object": {
      "version": "1.0.10",
      "resolved": "https://registry.npmjs.org/x-object/-/x-object-1.0.10.tgz",
      "integrity": "sha512-dtgLTcUesQAgThCPrSpBorFoKBa7dJigPmndDGUPl7HTSWEg8+C29DIfNhOCQ9nGMSwxSBzBcB9016Tb/paQog=="
    },
    "node_modules/x-string": {
      "version": "1.0.7",
      "resolved": "https://registry.npmjs.org/x-string/-/x-string-1.0.7.tgz",
      "integrity": "sha512-Iz7XTVmHeZDIfxKaoQezQBGYZ73qOsHNnr73CXrsqU2lBadzwU52ne1QxLoOs9h1jfs2etdn89g7w+A/ns7s6w=="
    }
  }
}
